
Microsoft Visual Studio Solution File, Format Version 12.00
# Visual Studio 15
VisualStudioVersion = 15.0.26124.0
MinimumVisualStudioVersion = 15.0.26124.0
Project("{2150E333-8FDC-42A3-9474-1A3956D46DE8}") = "src", "src", "{4486CD2B-9198-42CF-BC86-3F1777B51A3D}"
EndProject
Project("{FAE04EC0-301F-11D3-BF4B-00C04F79EFBC}") = "DegreePlan4All", "src\DegreePlan4All\DegreePlan4All.csproj", "{EB76B370-11A2-41D0-9D79-D28D719B9014}"
EndProject
Project("{2150E333-8FDC-42A3-9474-1A3956D46DE8}") = "tests", "tests", "{1A2E8821-87AC-4E0F-BA34-DC2DCA879AFC}"
EndProject
Project("{FAE04EC0-301F-11D3-BF4B-00C04F79EFBC}") = "FunctionalTests", "tests\FunctionalTests\FunctionalTests.csproj", "{81FC7421-8F9F-475B-8731-955BC1A88E3D}"
EndProject
Project("{FAE04EC0-301F-11D3-BF4B-00C04F79EFBC}") = "IntegrationTests", "tests\IntegrationTests\IntegrationTests.csproj", "{5F8C40B7-2CBD-45B6-97EB-D3CF221228B1}"
EndProject
Project("{FAE04EC0-301F-11D3-BF4B-00C04F79EFBC}") = "UnitTests", "tests\UnitTests\UnitTests.csproj", "{A93D3307-7746-4912-B920-F364B2DF021F}"
EndProject
Global
	GlobalSection(SolutionConfigurationPlatforms) = preSolution
		Debug|Any CPU = Debug|Any CPU
		Debug|x64 = Debug|x64
		Debug|x86 = Debug|x86
		Release|Any CPU = Release|Any CPU
		Release|x64 = Release|x64
		Release|x86 = Release|x86
	EndGlobalSection
	GlobalSection(SolutionProperties) = preSolution
		HideSolutionNode = FALSE
	EndGlobalSection
	GlobalSection(ProjectConfigurationPlatforms) = postSolution
		{EB76B370-11A2-41D0-9D79-D28D719B9014}.Debug|Any CPU.ActiveCfg = Debug|Any CPU
		{EB76B370-11A2-41D0-9D79-D28D719B9014}.Debug|Any CPU.Build.0 = Debug|Any CPU
		{EB76B370-11A2-41D0-9D79-D28D719B9014}.Debug|x64.ActiveCfg = Debug|Any CPU
		{EB76B370-11A2-41D0-9D79-D28D719B9014}.Debug|x64.Build.0 = Debug|Any CPU
		{EB76B370-11A2-41D0-9D79-D28D719B9014}.Debug|x86.ActiveCfg = Debug|Any CPU
		{EB76B370-11A2-41D0-9D79-D28D719B9014}.Debug|x86.Build.0 = Debug|Any CPU
		{EB76B370-11A2-41D0-9D79-D28D719B9014}.Release|Any CPU.ActiveCfg = Release|Any CPU
		{EB76B370-11A2-41D0-9D79-D28D719B9014}.Release|Any CPU.Build.0 = Release|Any CPU
		{EB76B370-11A2-41D0-9D79-D28D719B9014}.Release|x64.ActiveCfg = Release|Any CPU
		{EB76B370-11A2-41D0-9D79-D28D719B9014}.Release|x64.Build.0 = Release|Any CPU
		{EB76B370-11A2-41D0-9D79-D28D719B9014}.Release|x86.ActiveCfg = Release|Any CPU
		{EB76B370-11A2-41D0-9D79-D28D719B9014}.Release|x86.Build.0 = Release|Any CPU
		{81FC7421-8F9F-475B-8731-955BC1A88E3D}.Debug|Any CPU.ActiveCfg = Debug|Any CPU
		{81FC7421-8F9F-475B-8731-955BC1A88E3D}.Debug|Any CPU.Build.0 = Debug|Any CPU
		{81FC7421-8F9F-475B-8731-955BC1A88E3D}.Debug|x64.ActiveCfg = Debug|Any CPU
		{81FC7421-8F9F-475B-8731-955BC1A88E3D}.Debug|x64.Build.0 = Debug|Any CPU
		{81FC7421-8F9F-475B-8731-955BC1A88E3D}.Debug|x86.ActiveCfg = Debug|Any CPU
		{81FC7421-8F9F-475B-8731-955BC1A88E3D}.Debug|x86.Build.0 = Debug|Any CPU
		{81FC7421-8F9F-475B-8731-955BC1A88E3D}.Release|Any CPU.ActiveCfg = Release|Any CPU
		{81FC7421-8F9F-475B-8731-955BC1A88E3D}.Release|Any CPU.Build.0 = Release|Any CPU
		{81FC7421-8F9F-475B-8731-955BC1A88E3D}.Release|x64.ActiveCfg = Release|Any CPU
		{81FC7421-8F9F-475B-8731-955BC1A88E3D}.Release|x64.Build.0 = Release|Any CPU
		{81FC7421-8F9F-475B-8731-955BC1A88E3D}.Release|x86.ActiveCfg = Release|Any CPU
		{81FC7421-8F9F-475B-8731-955BC1A88E3D}.Release|x86.Build.0 = Release|Any CPU
		{5F8C40B7-2CBD-45B6-97EB-D3CF221228B1}.Debug|Any CPU.ActiveCfg = Debug|Any CPU
		{5F8C40B7-2CBD-45B6-97EB-D3CF221228B1}.Debug|Any CPU.Build.0 = Debug|Any CPU
		{5F8C40B7-2CBD-45B6-97EB-D3CF221228B1}.Debug|x64.ActiveCfg = Debug|Any CPU
		{5F8C40B7-2CBD-45B6-97EB-D3CF221228B1}.Debug|x64.Build.0 = Debug|Any CPU
		{5F8C40B7-2CBD-45B6-97EB-D3CF221228B1}.Debug|x86.ActiveCfg = Debug|Any CPU
		{5F8C40B7-2CBD-45B6-97EB-D3CF221228B1}.Debug|x86.Build.0 = Debug|Any CPU
		{5F8C40B7-2CBD-45B6-97EB-D3CF221228B1}.Release|Any CPU.ActiveCfg = Release|Any CPU
		{5F8C40B7-2CBD-45B6-97EB-D3CF221228B1}.Release|Any CPU.Build.0 = Release|Any CPU
		{5F8C40B7-2CBD-45B6-97EB-D3CF221228B1}.Release|x64.ActiveCfg = Release|Any CPU
		{5F8C40B7-2CBD-45B6-97EB-D3CF221228B1}.Release|x64.Build.0 = Release|Any CPU
		{5F8C40B7-2CBD-45B6-97EB-D3CF221228B1}.Release|x86.ActiveCfg = Release|Any CPU
		{5F8C40B7-2CBD-45B6-97EB-D3CF221228B1}.Release|x86.Build.0 = Release|Any CPU
		{A93D3307-7746-4912-B920-F364B2DF021F}.Debug|Any CPU.ActiveCfg = Debug|Any CPU
		{A93D3307-7746-4912-B920-F364B2DF021F}.Debug|Any CPU.Build.0 = Debug|Any CPU
		{A93D3307-7746-4912-B920-F364B2DF021F}.Debug|x64.ActiveCfg = Debug|Any CPU
		{A93D3307-7746-4912-B920-F364B2DF021F}.Debug|x64.Build.0 = Debug|Any CPU
		{A93D3307-7746-4912-B920-F364B2DF021F}.Debug|x86.ActiveCfg = Debug|Any CPU
		{A93D3307-7746-4912-B920-F364B2DF021F}.Debug|x86.Build.0 = Debug|Any CPU
		{A93D3307-7746-4912-B920-F364B2DF021F}.Release|Any CPU.ActiveCfg = Release|Any CPU
		{A93D3307-7746-4912-B920-F364B2DF021F}.Release|Any CPU.Build.0 = Release|Any CPU
		{A93D3307-7746-4912-B920-F364B2DF021F}.Release|x64.ActiveCfg = Release|Any CPU
		{A93D3307-7746-4912-B920-F364B2DF021F}.Release|x64.Build.0 = Release|Any CPU
		{A93D3307-7746-4912-B920-F364B2DF021F}.Release|x86.ActiveCfg = Release|Any CPU
		{A93D3307-7746-4912-B920-F364B2DF021F}.Release|x86.Build.0 = Release|Any CPU
	EndGlobalSection
	GlobalSection(NestedProjects) = preSolution
		{EB76B370-11A2-41D0-9D79-D28D719B9014} = {4486CD2B-9198-42CF-BC86-3F1777B51A3D}
		{81FC7421-8F9F-475B-8731-955BC1A88E3D} = {1A2E8821-87AC-4E0F-BA34-DC2DCA879AFC}
		{5F8C40B7-2CBD-45B6-97EB-D3CF221228B1} = {1A2E8821-87AC-4E0F-BA34-DC2DCA879AFC}
		{A93D3307-7746-4912-B920-F364B2DF021F} = {1A2E8821-87AC-4E0F-BA34-DC2DCA879AFC}
	EndGlobalSection
EndGlobal
