
Microsoft Visual Studio Solution File, Format Version 12.00
# Visual Studio 15
VisualStudioVersion = 15.0.28307.271
MinimumVisualStudioVersion = 10.0.40219.1
Project("{9A19103F-16F7-4668-BE54-9A1E7A4F7556}") = "Team01Section01Project", "Team01Section01Project\Team01Section01Project.csproj", "{4A3448B7-297A-46B6-A62F-D2F30473EFCE}"
EndProject
Project("{2150E333-8FDC-42A3-9474-1A3956D46DE8}") = "tests", "tests", "{B7607095-A831-482E-B0E2-AF8348D9CECB}"
EndProject
Project("{9A19103F-16F7-4668-BE54-9A1E7A4F7556}") = "UnitTests", "tests\UnitTests\UnitTests.csproj", "{2D079D47-6790-40FA-8E45-CD109C55105F}"
EndProject
Global
	GlobalSection(SolutionConfigurationPlatforms) = preSolution
		Debug|Any CPU = Debug|Any CPU
		Release|Any CPU = Release|Any CPU
	EndGlobalSection
	GlobalSection(ProjectConfigurationPlatforms) = postSolution
		{4A3448B7-297A-46B6-A62F-D2F30473EFCE}.Debug|Any CPU.ActiveCfg = Debug|Any CPU
		{4A3448B7-297A-46B6-A62F-D2F30473EFCE}.Debug|Any CPU.Build.0 = Debug|Any CPU
		{4A3448B7-297A-46B6-A62F-D2F30473EFCE}.Release|Any CPU.ActiveCfg = Release|Any CPU
		{4A3448B7-297A-46B6-A62F-D2F30473EFCE}.Release|Any CPU.Build.0 = Release|Any CPU
		{2D079D47-6790-40FA-8E45-CD109C55105F}.Debug|Any CPU.ActiveCfg = Debug|Any CPU
		{2D079D47-6790-40FA-8E45-CD109C55105F}.Debug|Any CPU.Build.0 = Debug|Any CPU
		{2D079D47-6790-40FA-8E45-CD109C55105F}.Release|Any CPU.ActiveCfg = Release|Any CPU
		{2D079D47-6790-40FA-8E45-CD109C55105F}.Release|Any CPU.Build.0 = Release|Any CPU
	EndGlobalSection
	GlobalSection(SolutionProperties) = preSolution
		HideSolutionNode = FALSE
	EndGlobalSection
	GlobalSection(NestedProjects) = preSolution
		{2D079D47-6790-40FA-8E45-CD109C55105F} = {B7607095-A831-482E-B0E2-AF8348D9CECB}
	EndGlobalSection
	GlobalSection(ExtensibilityGlobals) = postSolution
		SolutionGuid = {66A160DF-B25A-4C31-BE84-37D4EBFFCCD9}
	EndGlobalSection
EndGlobal
